// !$*UTF8*$!
{
	archiveVersion = 1;
	classes = {
	};
	objectVersion = 56;
	objects = {

/* Begin PBXBuildFile section */
		28A6C7FD2AB44A5400DAD488 /* AppDelegate.swift in Sources */ = {isa = PBXBuildFile; fileRef = 28A6C7FC2AB44A5400DAD488 /* AppDelegate.swift */; };
		28A6C7FF2AB44A5400DAD488 /* SceneDelegate.swift in Sources */ = {isa = PBXBuildFile; fileRef = 28A6C7FE2AB44A5400DAD488 /* SceneDelegate.swift */; };
		28A6C8012AB44A5400DAD488 /* ViewController.swift in Sources */ = {isa = PBXBuildFile; fileRef = 28A6C8002AB44A5400DAD488 /* ViewController.swift */; };
		28A6C8042AB44A5400DAD488 /* Main.storyboard in Resources */ = {isa = PBXBuildFile; fileRef = 28A6C8022AB44A5400DAD488 /* Main.storyboard */; };
		28A6C8062AB44A5600DAD488 /* Assets.xcassets in Resources */ = {isa = PBXBuildFile; fileRef = 28A6C8052AB44A5600DAD488 /* Assets.xcassets */; };
		28A6C8092AB44A5600DAD488 /* LaunchScreen.storyboard in Resources */ = {isa = PBXBuildFile; fileRef = 28A6C8072AB44A5600DAD488 /* LaunchScreen.storyboard */; };
		28A6C8122AB44ADE00DAD488 /* PagingBarItemProvider.swift in Sources */ = {isa = PBXBuildFile; fileRef = 28A6C8112AB44ADE00DAD488 /* PagingBarItemProvider.swift */; };
		28A6C8142AB44B7700DAD488 /* PagingMenuView.swift in Sources */ = {isa = PBXBuildFile; fileRef = 28A6C8132AB44B7700DAD488 /* PagingMenuView.swift */; };
		28A6C8162AB44BAB00DAD488 /* PagingMenuController.swift in Sources */ = {isa = PBXBuildFile; fileRef = 28A6C8152AB44BAB00DAD488 /* PagingMenuController.swift */; };
		28E06B1E2AFBA3DF00D19F81 /* PagingContainerItemProvider.swift in Sources */ = {isa = PBXBuildFile; fileRef = 28E06B1D2AFBA3DF00D19F81 /* PagingContainerItemProvider.swift */; };
/* End PBXBuildFile section */

/* Begin PBXFileReference section */
		28A6C7F92AB44A5400DAD488 /* PagingMenu.app */ = {isa = PBXFileReference; explicitFileType = wrapper.application; includeInIndex = 0; path = PagingMenu.app; sourceTree = BUILT_PRODUCTS_DIR; };
		28A6C7FC2AB44A5400DAD488 /* AppDelegate.swift */ = {isa = PBXFileReference; lastKnownFileType = sourcecode.swift; path = AppDelegate.swift; sourceTree = "<group>"; };
		28A6C7FE2AB44A5400DAD488 /* SceneDelegate.swift */ = {isa = PBXFileReference; lastKnownFileType = sourcecode.swift; path = SceneDelegate.swift; sourceTree = "<group>"; };
		28A6C8002AB44A5400DAD488 /* ViewController.swift */ = {isa = PBXFileReference; lastKnownFileType = sourcecode.swift; path = ViewController.swift; sourceTree = "<group>"; };
		28A6C8032AB44A5400DAD488 /* Base */ = {isa = PBXFileReference; lastKnownFileType = file.storyboard; name = Base; path = Base.lproj/Main.storyboard; sourceTree = "<group>"; };
		28A6C8052AB44A5600DAD488 /* Assets.xcassets */ = {isa = PBXFileReference; lastKnownFileType = folder.assetcatalog; path = Assets.xcassets; sourceTree = "<group>"; };
		28A6C8082AB44A5600DAD488 /* Base */ = {isa = PBXFileReference; lastKnownFileType = file.storyboard; name = Base; path = Base.lproj/LaunchScreen.storyboard; sourceTree = "<group>"; };
		28A6C80A2AB44A5600DAD488 /* Info.plist */ = {isa = PBXFileReference; lastKnownFileType = text.plist.xml; path = Info.plist; sourceTree = "<group>"; };
		28A6C8112AB44ADE00DAD488 /* PagingBarItemProvider.swift */ = {isa = PBXFileReference; lastKnownFileType = sourcecode.swift; path = PagingBarItemProvider.swift; sourceTree = "<group>"; };
		28A6C8132AB44B7700DAD488 /* PagingMenuView.swift */ = {isa = PBXFileReference; lastKnownFileType = sourcecode.swift; path = PagingMenuView.swift; sourceTree = "<group>"; };
		28A6C8152AB44BAB00DAD488 /* PagingMenuController.swift */ = {isa = PBXFileReference; lastKnownFileType = sourcecode.swift; path = PagingMenuController.swift; sourceTree = "<group>"; };
		28E06B1D2AFBA3DF00D19F81 /* PagingContainerItemProvider.swift */ = {isa = PBXFileReference; lastKnownFileType = sourcecode.swift; path = PagingContainerItemProvider.swift; sourceTree = "<group>"; };
/* End PBXFileReference section */

/* Begin PBXFrameworksBuildPhase section */
		28A6C7F62AB44A5400DAD488 /* Frameworks */ = {
			isa = PBXFrameworksBuildPhase;
			buildActionMask = 2147483647;
			files = (
			);
			runOnlyForDeploymentPostprocessing = 0;
		};
/* End PBXFrameworksBuildPhase section */

/* Begin PBXGroup section */
		28A6C7F02AB44A5400DAD488 = {
			isa = PBXGroup;
			children = (
				28A6C7FB2AB44A5400DAD488 /* PagingMenu */,
				28A6C7FA2AB44A5400DAD488 /* Products */,
			);
			sourceTree = "<group>";
		};
		28A6C7FA2AB44A5400DAD488 /* Products */ = {
			isa = PBXGroup;
			children = (
				28A6C7F92AB44A5400DAD488 /* PagingMenu.app */,
			);
			name = Products;
			sourceTree = "<group>";
		};
		28A6C7FB2AB44A5400DAD488 /* PagingMenu */ = {
			isa = PBXGroup;
			children = (
				28A6C8102AB44A9B00DAD488 /* Source */,
				28A6C7FC2AB44A5400DAD488 /* AppDelegate.swift */,
				28A6C7FE2AB44A5400DAD488 /* SceneDelegate.swift */,
				28A6C8002AB44A5400DAD488 /* ViewController.swift */,
				28A6C8022AB44A5400DAD488 /* Main.storyboard */,
				28A6C8052AB44A5600DAD488 /* Assets.xcassets */,
				28A6C8072AB44A5600DAD488 /* LaunchScreen.storyboard */,
				28A6C80A2AB44A5600DAD488 /* Info.plist */,
			);
			path = PagingMenu;
			sourceTree = "<group>";
		};
		28A6C8102AB44A9B00DAD488 /* Source */ = {
			isa = PBXGroup;
			children = (
				28A6C8112AB44ADE00DAD488 /* PagingBarItemProvider.swift */,
				28E06B1D2AFBA3DF00D19F81 /* PagingContainerItemProvider.swift */,
				28A6C8132AB44B7700DAD488 /* PagingMenuView.swift */,
				28A6C8152AB44BAB00DAD488 /* PagingMenuController.swift */,
			);
			path = Source;
			sourceTree = SOURCE_ROOT;
		};
/* End PBXGroup section */

/* Begin PBXNativeTarget section */
		28A6C7F82AB44A5400DAD488 /* PagingMenu */ = {
			isa = PBXNativeTarget;
			buildConfigurationList = 28A6C80D2AB44A5600DAD488 /* Build configuration list for PBXNativeTarget "PagingMenu" */;
			buildPhases = (
				28A6C7F52AB44A5400DAD488 /* Sources */,
				28A6C7F62AB44A5400DAD488 /* Frameworks */,
				28A6C7F72AB44A5400DAD488 /* Resources */,
			);
			buildRules = (
			);
			dependencies = (
			);
			name = PagingMenu;
			productName = PagingMenu;
			productReference = 28A6C7F92AB44A5400DAD488 /* PagingMenu.app */;
			productType = "com.apple.product-type.application";
		};
/* End PBXNativeTarget section */

/* Begin PBXProject section */
		28A6C7F12AB44A5400DAD488 /* Project object */ = {
			isa = PBXProject;
			attributes = {
				BuildIndependentTargetsInParallel = 1;
				LastSwiftUpdateCheck = 1430;
				LastUpgradeCheck = 1430;
				TargetAttributes = {
					28A6C7F82AB44A5400DAD488 = {
						CreatedOnToolsVersion = 14.3.1;
					};
				};
			};
			buildConfigurationList = 28A6C7F42AB44A5400DAD488 /* Build configuration list for PBXProject "PagingMenu" */;
			compatibilityVersion = "Xcode 14.0";
			developmentRegion = en;
			hasScannedForEncodings = 0;
			knownRegions = (
				en,
				Base,
			);
			mainGroup = 28A6C7F02AB44A5400DAD488;
			productRefGroup = 28A6C7FA2AB44A5400DAD488 /* Products */;
			projectDirPath = "";
			projectRoot = "";
			targets = (
				28A6C7F82AB44A5400DAD488 /* PagingMenu */,
			);
		};
/* End PBXProject section */

/* Begin PBXResourcesBuildPhase section */
		28A6C7F72AB44A5400DAD488 /* Resources */ = {
			isa = PBXResourcesBuildPhase;
			buildActionMask = 2147483647;
			files = (
				28A6C8092AB44A5600DAD488 /* LaunchScreen.storyboard in Resources */,
				28A6C8062AB44A5600DAD488 /* Assets.xcassets in Resources */,
				28A6C8042AB44A5400DAD488 /* Main.storyboard in Resources */,
			);
			runOnlyForDeploymentPostprocessing = 0;
		};
/* End PBXResourcesBuildPhase section */

/* Begin PBXSourcesBuildPhase section */
		28A6C7F52AB44A5400DAD488 /* Sources */ = {
			isa = PBXSourcesBuildPhase;
			buildActionMask = 2147483647;
			files = (
				28E06B1E2AFBA3DF00D19F81 /* PagingContainerItemProvider.swift in Sources */,
				28A6C8012AB44A5400DAD488 /* ViewController.swift in Sources */,
				28A6C7FD2AB44A5400DAD488 /* AppDelegate.swift in Sources */,
				28A6C7FF2AB44A5400DAD488 /* SceneDelegate.swift in Sources */,
				28A6C8122AB44ADE00DAD488 /* PagingBarItemProvider.swift in Sources */,
				28A6C8162AB44BAB00DAD488 /* PagingMenuController.swift in Sources */,
				28A6C8142AB44B7700DAD488 /* PagingMenuView.swift in Sources */,
			);
			runOnlyForDeploymentPostprocessing = 0;
		};
/* End PBXSourcesBuildPhase section */

/* Begin PBXVariantGroup section */
		28A6C8022AB44A5400DAD488 /* Main.storyboard */ = {
			isa = PBXVariantGroup;
			children = (
				28A6C8032AB44A5400DAD488 /* Base */,
			);
			name = Main.storyboard;
			sourceTree = "<group>";
		};
		28A6C8072AB44A5600DAD488 /* LaunchScreen.storyboard */ = {
			isa = PBXVariantGroup;
			children = (
				28A6C8082AB44A5600DAD488 /* Base */,
			);
			name = LaunchScreen.storyboard;
			sourceTree = "<group>";
		};
/* End PBXVariantGroup section */

/* Begin XCBuildConfiguration section */
		28A6C80B2AB44A5600DAD488 /* Debug */ = {
			isa = XCBuildConfiguration;
			buildSettings = {
				ALWAYS_SEARCH_USER_PATHS = NO;
				CLANG_ANALYZER_NONNULL = YES;
				CLANG_ANALYZER_NUMBER_OBJECT_CONVERSION = YES_AGGRESSIVE;
				CLANG_CXX_LANGUAGE_STANDARD = "gnu++20";
				CLANG_ENABLE_MODULES = YES;
				CLANG_ENABLE_OBJC_ARC = YES;
				CLANG_ENABLE_OBJC_WEAK = YES;
				CLANG_WARN_BLOCK_CAPTURE_AUTORELEASING = YES;
				CLANG_WARN_BOOL_CONVERSION = YES;
				CLANG_WARN_COMMA = YES;
				CLANG_WARN_CONSTANT_CONVERSION = YES;
				CLANG_WARN_DEPRECATED_OBJC_IMPLEMENTATIONS = YES;
				CLANG_WARN_DIRECT_OBJC_ISA_USAGE = YES_ERROR;
				CLANG_WARN_DOCUMENTATION_COMMENTS = YES;
				CLANG_WARN_EMPTY_BODY = YES;
				CLANG_WARN_ENUM_CONVERSION = YES;
				CLANG_WARN_INFINITE_RECURSION = YES;
				CLANG_WARN_INT_CONVERSION = YES;
				CLANG_WARN_NON_LITERAL_NULL_CONVERSION = YES;
				CLANG_WARN_OBJC_IMPLICIT_RETAIN_SELF = YES;
				CLANG_WARN_OBJC_LITERAL_CONVERSION = YES;
				CLANG_WARN_OBJC_ROOT_CLASS = YES_ERROR;
				CLANG_WARN_QUOTED_INCLUDE_IN_FRAMEWORK_HEADER = YES;
				CLANG_WARN_RANGE_LOOP_ANALYSIS = YES;
				CLANG_WARN_STRICT_PROTOTYPES = YES;
				CLANG_WARN_SUSPICIOUS_MOVE = YES;
				CLANG_WARN_UNGUARDED_AVAILABILITY = YES_AGGRESSIVE;
				CLANG_WARN_UNREACHABLE_CODE = YES;
				CLANG_WARN__DUPLICATE_METHOD_MATCH = YES;
				COPY_PHASE_STRIP = NO;
				DEBUG_INFORMATION_FORMAT = dwarf;
				ENABLE_STRICT_OBJC_MSGSEND = YES;
				ENABLE_TESTABILITY = YES;
				GCC_C_LANGUAGE_STANDARD = gnu11;
				GCC_DYNAMIC_NO_PIC = NO;
				GCC_NO_COMMON_BLOCKS = YES;
				GCC_OPTIMIZATION_LEVEL = 0;
				GCC_PREPROCESSOR_DEFINITIONS = (
					"DEBUG=1",
					"$(inherited)",
				);
				GCC_WARN_64_TO_32_BIT_CONVERSION = YES;
				GCC_WARN_ABOUT_RETURN_TYPE = YES_ERROR;
				GCC_WARN_UNDECLARED_SELECTOR = YES;
				GCC_WARN_UNINITIALIZED_AUTOS = YES_AGGRESSIVE;
				GCC_WARN_UNUSED_FUNCTION = YES;
				GCC_WARN_UNUSED_VARIABLE = YES;
				IPHONEOS_DEPLOYMENT_TARGET = 16.4;
				MTL_ENABLE_DEBUG_INFO = INCLUDE_SOURCE;
				MTL_FAST_MATH = YES;
				ONLY_ACTIVE_ARCH = YES;
				SDKROOT = iphoneos;
				SWIFT_ACTIVE_COMPILATION_CONDITIONS = DEBUG;
				SWIFT_OPTIMIZATION_LEVEL = "-Onone";
			};
			name = Debug;
		};
		28A6C80C2AB44A5600DAD488 /* Release */ = {
			isa = XCBuildConfiguration;
			buildSettings = {
				ALWAYS_SEARCH_USER_PATHS = NO;
				CLANG_ANALYZER_NONNULL = YES;
				CLANG_ANALYZER_NUMBER_OBJECT_CONVERSION = YES_AGGRESSIVE;
				CLANG_CXX_LANGUAGE_STANDARD = "gnu++20";
				CLANG_ENABLE_MODULES = YES;
				CLANG_ENABLE_OBJC_ARC = YES;
				CLANG_ENABLE_OBJC_WEAK = YES;
				CLANG_WARN_BLOCK_CAPTURE_AUTORELEASING = YES;
				CLANG_WARN_BOOL_CONVERSION = YES;
				CLANG_WARN_COMMA = YES;
				CLANG_WARN_CONSTANT_CONVERSION = YES;
				CLANG_WARN_DEPRECATED_OBJC_IMPLEMENTATIONS = YES;
				CLANG_WARN_DIRECT_OBJC_ISA_USAGE = YES_ERROR;
				CLANG_WARN_DOCUMENTATION_COMMENTS = YES;
				CLANG_WARN_EMPTY_BODY = YES;
				CLANG_WARN_ENUM_CONVERSION = YES;
				CLANG_WARN_INFINITE_RECURSION = YES;
				CLANG_WARN_INT_CONVERSION = YES;
				CLANG_WARN_NON_LITERAL_NULL_CONVERSION = YES;
				CLANG_WARN_OBJC_IMPLICIT_RETAIN_SELF = YES;
				CLANG_WARN_OBJC_LITERAL_CONVERSION = YES;
				CLANG_WARN_OBJC_ROOT_CLASS = YES_ERROR;
				CLANG_WARN_QUOTED_INCLUDE_IN_FRAMEWORK_HEADER = YES;
				CLANG_WARN_RANGE_LOOP_ANALYSIS = YES;
				CLANG_WARN_STRICT_PROTOTYPES = YES;
				CLANG_WARN_SUSPICIOUS_MOVE = YES;
				CLANG_WARN_UNGUARDED_AVAILABILITY = YES_AGGRESSIVE;
				CLANG_WARN_UNREACHABLE_CODE = YES;
				CLANG_WARN__DUPLICATE_METHOD_MATCH = YES;
				COPY_PHASE_STRIP = NO;
				DEBUG_INFORMATION_FORMAT = "dwarf-with-dsym";
				ENABLE_NS_ASSERTIONS = NO;
				ENABLE_STRICT_OBJC_MSGSEND = YES;
				GCC_C_LANGUAGE_STANDARD = gnu11;
				GCC_NO_COMMON_BLOCKS = YES;
				GCC_WARN_64_TO_32_BIT_CONVERSION = YES;
				GCC_WARN_ABOUT_RETURN_TYPE = YES_ERROR;
				GCC_WARN_UNDECLARED_SELECTOR = YES;
				GCC_WARN_UNINITIALIZED_AUTOS = YES_AGGRESSIVE;
				GCC_WARN_UNUSED_FUNCTION = YES;
				GCC_WARN_UNUSED_VARIABLE = YES;
				IPHONEOS_DEPLOYMENT_TARGET = 16.4;
				MTL_ENABLE_DEBUG_INFO = NO;
				MTL_FAST_MATH = YES;
				SDKROOT = iphoneos;
				SWIFT_COMPILATION_MODE = wholemodule;
				SWIFT_OPTIMIZATION_LEVEL = "-O";
				VALIDATE_PRODUCT = YES;
			};
			name = Release;
		};
		28A6C80E2AB44A5600DAD488 /* Debug */ = {
			isa = XCBuildConfiguration;
			buildSettings = {
				ASSETCATALOG_COMPILER_APPICON_NAME = AppIcon;
				ASSETCATALOG_COMPILER_GLOBAL_ACCENT_COLOR_NAME = AccentColor;
				CODE_SIGN_STYLE = Automatic;
				CURRENT_PROJECT_VERSION = 1;
				GENERATE_INFOPLIST_FILE = YES;
				INFOPLIST_FILE = PagingMenu/Info.plist;
				INFOPLIST_KEY_UIApplicationSupportsIndirectInputEvents = YES;
				INFOPLIST_KEY_UILaunchStoryboardName = LaunchScreen;
				INFOPLIST_KEY_UIMainStoryboardFile = Main;
				INFOPLIST_KEY_UISupportedInterfaceOrientations_iPad = "UIInterfaceOrientationPortrait UIInterfaceOrientationPortraitUpsideDown UIInterfaceOrientationLandscapeLeft UIInterfaceOrientationLandscapeRight";
				INFOPLIST_KEY_UISupportedInterfaceOrientations_iPhone = "UIInterfaceOrientationPortrait UIInterfaceOrientationLandscapeLeft UIInterfaceOrientationLandscapeRight";
				IPHONEOS_DEPLOYMENT_TARGET = 13.0;
				LD_RUNPATH_SEARCH_PATHS = (
					"$(inherited)",
					"@executable_path/Frameworks",
				);
				MARKETING_VERSION = 1.0;
				PRODUCT_BUNDLE_IDENTIFIER = PagingMenu.PagingMenu;
				PRODUCT_NAME = "$(TARGET_NAME)";
				SWIFT_EMIT_LOC_STRINGS = YES;
				SWIFT_VERSION = 5.0;
				TARGETED_DEVICE_FAMILY = "1,2";
			};
			name = Debug;
		};
		28A6C80F2AB44A5600DAD488 /* Release */ = {
			isa = XCBuildConfiguration;
			buildSettings = {
				ASSETCATALOG_COMPILER_APPICON_NAME = AppIcon;
				ASSETCATALOG_COMPILER_GLOBAL_ACCENT_COLOR_NAME = AccentColor;
				CODE_SIGN_STYLE = Automatic;
				CURRENT_PROJECT_VERSION = 1;
				GENERATE_INFOPLIST_FILE = YES;
				INFOPLIST_FILE = PagingMenu/Info.plist;
				INFOPLIST_KEY_UIApplicationSupportsIndirectInputEvents = YES;
				INFOPLIST_KEY_UILaunchStoryboardName = LaunchScreen;
				INFOPLIST_KEY_UIMainStoryboardFile = Main;
				INFOPLIST_KEY_UISupportedInterfaceOrientations_iPad = "UIInterfaceOrientationPortrait UIInterfaceOrientationPortraitUpsideDown UIInterfaceOrientationLandscapeLeft UIInterfaceOrientationLandscapeRight";
				INFOPLIST_KEY_UISupportedInterfaceOrientations_iPhone = "UIInterfaceOrientationPortrait UIInterfaceOrientationLandscapeLeft UIInterfaceOrientationLandscapeRight";
				IPHONEOS_DEPLOYMENT_TARGET = 13.0;
				LD_RUNPATH_SEARCH_PATHS = (
					"$(inherited)",
					"@executable_path/Frameworks",
				);
				MARKETING_VERSION = 1.0;
				PRODUCT_BUNDLE_IDENTIFIER = PagingMenu.PagingMenu;
				PRODUCT_NAME = "$(TARGET_NAME)";
				SWIFT_EMIT_LOC_STRINGS = YES;
				SWIFT_VERSION = 5.0;
				TARGETED_DEVICE_FAMILY = "1,2";
			};
			name = Release;
		};
/* End XCBuildConfiguration section */

/* Begin XCConfigurationList section */
		28A6C7F42AB44A5400DAD488 /* Build configuration list for PBXProject "PagingMenu" */ = {
			isa = XCConfigurationList;
			buildConfigurations = (
				28A6C80B2AB44A5600DAD488 /* Debug */,
				28A6C80C2AB44A5600DAD488 /* Release */,
			);
			defaultConfigurationIsVisible = 0;
			defaultConfigurationName = Release;
		};
		28A6C80D2AB44A5600DAD488 /* Build configuration list for PBXNativeTarget "PagingMenu" */ = {
			isa = XCConfigurationList;
			buildConfigurations = (
				28A6C80E2AB44A5600DAD488 /* Debug */,
				28A6C80F2AB44A5600DAD488 /* Release */,
			);
			defaultConfigurationIsVisible = 0;
			defaultConfigurationName = Release;
		};
/* End XCConfigurationList section */
	};
	rootObject = 28A6C7F12AB44A5400DAD488 /* Project object */;
}
